Microsoft Visual Studio Solution File, Format Version 12.00
# Visual Studio Version 17
VisualStudioVersion = 17.5.2.0
MinimumVisualStudioVersion = 10.0.40219.1
Project("{FAE04EC0-301F-11D3-BF4B-00C04F79EFBC}") = "MapFlux", "MapFlux\MapFlux.csproj", "{D3F60E3E-C991-3034-11E1-55EF1816837E}"
EndProject
Project("{FAE04EC0-301F-11D3-BF4B-00C04F79EFBC}") = "MapFlux.Console.Test", "MapFlux.Console.Test\MapFlux.Console.Test.csproj", "{C9B47554-C2EE-30A4-1F77-7E9F2C2A7B86}"
EndProject
Project("{FAE04EC0-301F-11D3-BF4B-00C04F79EFBC}") = "MapFlux.Unit.Test", "MapFlux.Unit.Test\MapFlux.Unit.Test.csproj", "{C1AE956A-8CEF-C894-6949-57259A0566F3}"
EndProject
Global
	GlobalSection(SolutionConfigurationPlatforms) = preSolution
		Debug|Any CPU = Debug|Any CPU
		Release|Any CPU = Release|Any CPU
	EndGlobalSection
	GlobalSection(ProjectConfigurationPlatforms) = postSolution
		{D3F60E3E-C991-3034-11E1-55EF1816837E}.Debug|Any CPU.ActiveCfg = Debug|Any CPU
		{D3F60E3E-C991-3034-11E1-55EF1816837E}.Debug|Any CPU.Build.0 = Debug|Any CPU
		{D3F60E3E-C991-3034-11E1-55EF1816837E}.Release|Any CPU.ActiveCfg = Release|Any CPU
		{D3F60E3E-C991-3034-11E1-55EF1816837E}.Release|Any CPU.Build.0 = Release|Any CPU
		{C9B47554-C2EE-30A4-1F77-7E9F2C2A7B86}.Debug|Any CPU.ActiveCfg = Debug|Any CPU
		{C9B47554-C2EE-30A4-1F77-7E9F2C2A7B86}.Debug|Any CPU.Build.0 = Debug|Any CPU
		{C9B47554-C2EE-30A4-1F77-7E9F2C2A7B86}.Release|Any CPU.ActiveCfg = Release|Any CPU
		{C9B47554-C2EE-30A4-1F77-7E9F2C2A7B86}.Release|Any CPU.Build.0 = Release|Any CPU
		{C1AE956A-8CEF-C894-6949-57259A0566F3}.Debug|Any CPU.ActiveCfg = Debug|Any CPU
		{C1AE956A-8CEF-C894-6949-57259A0566F3}.Debug|Any CPU.Build.0 = Debug|Any CPU
		{C1AE956A-8CEF-C894-6949-57259A0566F3}.Release|Any CPU.ActiveCfg = Release|Any CPU
		{C1AE956A-8CEF-C894-6949-57259A0566F3}.Release|Any CPU.Build.0 = Release|Any CPU
	EndGlobalSection
	GlobalSection(SolutionProperties) = preSolution
		HideSolutionNode = FALSE
	EndGlobalSection
	GlobalSection(ExtensibilityGlobals) = postSolution
		SolutionGuid = {9E4F09BD-652E-445F-BAD4-FBCF444BECA2}
	EndGlobalSection
EndGlobal
